schema: '2.0'
stages:
  load_data:
    cmd: python src/stage_01_load_and_save.py --config=params.yaml
    deps:
    - path: src/stage_01_load_and_save.py
      md5: 4ee27efbae2521edd7f5f46f74e2c09e
      size: 1243
    params:
      params.yaml:
        artifacts.raw_local_data: artifacts/raw_local_data_dir/data.csv
        data_source.s3_source: https://archive.ics.uci.edu/ml/machine-learning-databases/wine-quality/winequality-red.csv
    outs:
    - path: artifacts/raw_local_data_dir/data.csv
      md5: 7c92f1ee593c0fbd2ad8c67ba5c446df
      size: 93599
  split_data:
    cmd: python src/stage_02_split_data.py --config=params.yaml
    deps:
    - path: artifacts/raw_local_data_dir/data.csv
      md5: 7c92f1ee593c0fbd2ad8c67ba5c446df
      size: 93599
    - path: src/stage_02_split_data.py
      md5: d43a3a4214f06d18b828a1d72b604c29
      size: 1501
    params:
      params.yaml:
        artifacts.raw_local_data: artifacts/raw_local_data_dir/data.csv
        artifacts.split_data.processed_data_dir: artifacts/processed_data
        artifacts.split_data.test_path: artifacts/processed_data/test.csv
        artifacts.split_data.train_path: artifacts/processed_data/train.csv
        base.random_state: 42
        base.test_size: 0.2
    outs:
    - path: artifacts/processed_data/test.csv
      md5: b31a4073fa82bc444fd5683cb5cf7e76
      size: 18832
    - path: artifacts/processed_data/train.csv
      md5: 0196b80fbeb701453fe0052e35635db2
      size: 74914
  train:
    cmd: python src/stage_03_train.py --config=params.yaml
    deps:
    - path: artifacts/processed_data/train.csv
      md5: 0196b80fbeb701453fe0052e35635db2
      size: 74914
    - path: src/stage_03_train.py
      md5: 37e4ac26edd1da1d4044f85ad668465c
      size: 1998
    - path: src/utils/common_utils.py
      md5: 76a5156a94aa1e0b09d92082cc726cd6
      size: 1179
    params:
      params.yaml:
        artifacts.split_data.train_path: artifacts/processed_data/train.csv
        base.random_state: 42
        base.target_col: quality
        estimators.ElasticNet.params.alpha: 0.7
        estimators.ElasticNet.params.l1_ratio: 0.4
    outs:
    - path: artifacts/report/params.json
      md5: 1a1eea97e93a98c1c77e2c184dea8763
      size: 44
    - path: artifacts/saved_models/model.joblib
      md5: 8353a5633f36600e10c344d82d9b8858
      size: 1316
  evaluate:
    cmd: python src/stage_04_evaluate.py --config=params.yaml
    deps:
    - path: artifacts/processed_data/test.csv
      md5: b31a4073fa82bc444fd5683cb5cf7e76
      size: 18832
    - path: artifacts/saved_models/model.joblib
      md5: 8353a5633f36600e10c344d82d9b8858
      size: 1316
    - path: src/stage_04_evaluate.py
      md5: 895b316194a75320c564d1860e282879
      size: 1640
    - path: src/utils/common_utils.py
      md5: 76a5156a94aa1e0b09d92082cc726cd6
      size: 1179
    params:
      params.yaml:
        artifacts.split_data.test_path: artifacts/processed_data/test.csv
        base.target_col: quality
    outs:
    - path: artifacts/report/scores.json
      md5: ac071bf4df5bdd406d45a0cb52b72430
      size: 100
